
Microsoft Visual Studio Solution File, Format Version 12.00
# Visual Studio Version 17
VisualStudioVersion = 17.14.36511.14 d17.14
MinimumVisualStudioVersion = 10.0.40219.1
Project("{FAE04EC0-301F-11D3-BF4B-00C04F79EFBC}") = "Préda naplo", "Préda naplo\Préda naplo.csproj", "{1BCF1F23-5920-43FE-AE78-2FDD8D62A7CD}"
EndProject
Global
	GlobalSection(SolutionConfigurationPlatforms) = preSolution
		Debug|Any CPU = Debug|Any CPU
		Release|Any CPU = Release|Any CPU
	EndGlobalSection
	GlobalSection(ProjectConfigurationPlatforms) = postSolution
		{1BCF1F23-5920-43FE-AE78-2FDD8D62A7CD}.Debug|Any CPU.ActiveCfg = Debug|Any CPU
		{1BCF1F23-5920-43FE-AE78-2FDD8D62A7CD}.Debug|Any CPU.Build.0 = Debug|Any CPU
		{1BCF1F23-5920-43FE-AE78-2FDD8D62A7CD}.Release|Any CPU.ActiveCfg = Release|Any CPU
		{1BCF1F23-5920-43FE-AE78-2FDD8D62A7CD}.Release|Any CPU.Build.0 = Release|Any CPU
	EndGlobalSection
	GlobalSection(SolutionProperties) = preSolution
		HideSolutionNode = FALSE
	EndGlobalSection
	GlobalSection(ExtensibilityGlobals) = postSolution
		SolutionGuid = {A68C4298-E92A-4E29-9FCA-16FDC8526E1F}
	EndGlobalSection
EndGlobal
